
Microsoft Visual Studio Solution File, Format Version 12.00
# Visual Studio 15
VisualStudioVersion = 15.0.28307.421
MinimumVisualStudioVersion = 10.0.40219.1
Project("{FAE04EC0-301F-11D3-BF4B-00C04F79EFBC}") = "CodeFirstApproach", "CodeFirstApproach\CodeFirstApproach.csproj", "{D173A2FA-3ABD-421D-886E-C67191F3CF2C}"
EndProject
Global
	GlobalSection(SolutionConfigurationPlatforms) = preSolution
		Debug|Any CPU = Debug|Any CPU
		Release|Any CPU = Release|Any CPU
	EndGlobalSection
	GlobalSection(ProjectConfigurationPlatforms) = postSolution
		{D173A2FA-3ABD-421D-886E-C67191F3CF2C}.Debug|Any CPU.ActiveCfg = Debug|Any CPU
		{D173A2FA-3ABD-421D-886E-C67191F3CF2C}.Debug|Any CPU.Build.0 = Debug|Any CPU
		{D173A2FA-3ABD-421D-886E-C67191F3CF2C}.Release|Any CPU.ActiveCfg = Release|Any CPU
		{D173A2FA-3ABD-421D-886E-C67191F3CF2C}.Release|Any CPU.Build.0 = Release|Any CPU
	EndGlobalSection
	GlobalSection(SolutionProperties) = preSolution
		HideSolutionNode = FALSE
	EndGlobalSection
	GlobalSection(ExtensibilityGlobals) = postSolution
		SolutionGuid = {98A553F8-C170-4497-9C54-C8E9E04EF075}
	EndGlobalSection
EndGlobal
